
Microsoft Visual Studio Solution File, Format Version 12.00
# Visual Studio Version 17
VisualStudioVersion = 17.12.35527.113
MinimumVisualStudioVersion = 10.0.40219.1
Project("{C9674DCB-5085-4A16-B785-4C70DD1589BD}") = "ABC_DWH", "ABC_DWH.dtproj", "{2FF74C22-399A-490D-9977-16097100C302}"
EndProject
Project("{2150E333-8FDC-42A3-9474-1A3956D46DE8}") = "Misc", "Misc", "{643121E4-B319-48FE-A28C-63BCEF34A7D5}"
	ProjectSection(SolutionItems) = preProject
		..\..\..\Scripts\ConsolidatedScriptDWHCreation.sql = ..\..\..\Scripts\ConsolidatedScriptDWHCreation.sql
		CreateSCHEMA.sql = CreateSCHEMA.sql
		..\..\..\Scripts\DataImportScriptLibraryConsolidated.sql = ..\..\..\Scripts\DataImportScriptLibraryConsolidated.sql
		DropTables.sql = DropTables.sql
		..\..\..\Scripts\ExecureProcExportDWHtoCSV.sql = ..\..\..\Scripts\ExecureProcExportDWHtoCSV.sql
		sp_ExportFiles.sql = sp_ExportFiles.sql
	EndProjectSection
EndProject
Project("{2150E333-8FDC-42A3-9474-1A3956D46DE8}") = "DimTable", "DimTable", "{250A2DA5-6395-46D4-8B5F-F7CD6C0B7B3F}"
	ProjectSection(SolutionItems) = preProject
		CreateDimBrand.sql = CreateDimBrand.sql
		CreateDimDate.sql = CreateDimDate.sql
		CreateDimOutlet.sql = CreateDimOutlet.sql
		CreateDimProduct.sql = CreateDimProduct.sql
		CreateDimProductType.sql = CreateDimProductType.sql
		CreateDimSupplier.sql = CreateDimSupplier.sql
	EndProjectSection
EndProject
Project("{2150E333-8FDC-42A3-9474-1A3956D46DE8}") = "ETL", "ETL", "{151CBFB8-11CF-47FF-B550-AA906BD11921}"
	ProjectSection(SolutionItems) = preProject
		ETLDimDate.sql = ETLDimDate.sql
	EndProjectSection
EndProject
Project("{2150E333-8FDC-42A3-9474-1A3956D46DE8}") = "FactTable", "FactTable", "{366215B9-2CC5-474B-AE49-FFC82CCBD5A3}"
	ProjectSection(SolutionItems) = preProject
		CreateFactInventorySnapshot.sql = CreateFactInventorySnapshot.sql
		CreateFactPurchaseOrder.sql = CreateFactPurchaseOrder.sql
		CreateFactReceipt.sql = CreateFactReceipt.sql
	EndProjectSection
EndProject
Project("{2150E333-8FDC-42A3-9474-1A3956D46DE8}") = "Misc", "Misc", "{79BA68D2-A906-4876-B956-3D7B494C39A2}"
EndProject
Project("{2150E333-8FDC-42A3-9474-1A3956D46DE8}") = "Hive", "Hive", "{85FD5789-4ADC-426E-B935-BE388DAD0EA3}"
	ProjectSection(SolutionItems) = preProject
		DimBrand.sql = DimBrand.sql
		DimDate.sql = DimDate.sql
		DimOutlet.sql = DimOutlet.sql
		DimProduct.sql = DimProduct.sql
		DimProductType.sql = DimProductType.sql
		DimSupplier.sql = DimSupplier.sql
		FactInventorySnapshot.sql = FactInventorySnapshot.sql
		FactPurchaseOrder.sql = FactPurchaseOrder.sql
		FactReceipt.sql = FactReceipt.sql
	EndProjectSection
EndProject
Global
	GlobalSection(SolutionConfigurationPlatforms) = preSolution
		Development|Default = Development|Default
	EndGlobalSection
	GlobalSection(ProjectConfigurationPlatforms) = postSolution
		{2FF74C22-399A-490D-9977-16097100C302}.Development|Default.ActiveCfg = Development
		{2FF74C22-399A-490D-9977-16097100C302}.Development|Default.Build.0 = Development
	EndGlobalSection
	GlobalSection(SolutionProperties) = preSolution
		HideSolutionNode = FALSE
	EndGlobalSection
	GlobalSection(NestedProjects) = preSolution
		{250A2DA5-6395-46D4-8B5F-F7CD6C0B7B3F} = {643121E4-B319-48FE-A28C-63BCEF34A7D5}
		{151CBFB8-11CF-47FF-B550-AA906BD11921} = {643121E4-B319-48FE-A28C-63BCEF34A7D5}
		{366215B9-2CC5-474B-AE49-FFC82CCBD5A3} = {643121E4-B319-48FE-A28C-63BCEF34A7D5}
		{79BA68D2-A906-4876-B956-3D7B494C39A2} = {643121E4-B319-48FE-A28C-63BCEF34A7D5}
		{85FD5789-4ADC-426E-B935-BE388DAD0EA3} = {643121E4-B319-48FE-A28C-63BCEF34A7D5}
	EndGlobalSection
EndGlobal
